// !$*UTF8*$!
{
	archiveVersion = 1;
	classes = {
	};
	objectVersion = 55;
	objects = {

/* Begin PBXBuildFile section */
		C819539129E486240072298F /* MovieEvent.swift in Sources */ = {isa = PBXBuildFile; fileRef = C819539029E486240072298F /* MovieEvent.swift */; };
		C819539429E487E10072298F /* Movie+codingKeys.swift in Sources */ = {isa = PBXBuildFile; fileRef = C819539329E487E10072298F /* Movie+codingKeys.swift */; };
		C819539629E489410072298F /* Movie+posterURL.swift in Sources */ = {isa = PBXBuildFile; fileRef = C819539529E489410072298F /* Movie+posterURL.swift */; };
		C819539829E48FC30072298F /* UIImage+name.swift in Sources */ = {isa = PBXBuildFile; fileRef = C819539729E48FC30072298F /* UIImage+name.swift */; };
		C819539929E49BEE0072298F /* MovieEvent.swift in Sources */ = {isa = PBXBuildFile; fileRef = C819539029E486240072298F /* MovieEvent.swift */; };
		C819539A29E49BF50072298F /* Movie+posterURL.swift in Sources */ = {isa = PBXBuildFile; fileRef = C819539529E489410072298F /* Movie+posterURL.swift */; };
		C819539B29E49BFB0072298F /* UIImage+name.swift in Sources */ = {isa = PBXBuildFile; fileRef = C819539729E48FC30072298F /* UIImage+name.swift */; };
		C819539C29E49C000072298F /* Movie+codingKeys.swift in Sources */ = {isa = PBXBuildFile; fileRef = C819539329E487E10072298F /* Movie+codingKeys.swift */; };
		C819539D29E4ADCF0072298F /* AppDelegate.swift in Sources */ = {isa = PBXBuildFile; fileRef = C836F97229D073B80079A7E6 /* AppDelegate.swift */; };
		C819539E29E4ADD30072298F /* SceneDelegate.swift in Sources */ = {isa = PBXBuildFile; fileRef = C836F97429D073B80079A7E6 /* SceneDelegate.swift */; };
		C836F97329D073B80079A7E6 /* AppDelegate.swift in Sources */ = {isa = PBXBuildFile; fileRef = C836F97229D073B80079A7E6 /* AppDelegate.swift */; };
		C836F97529D073B80079A7E6 /* SceneDelegate.swift in Sources */ = {isa = PBXBuildFile; fileRef = C836F97429D073B80079A7E6 /* SceneDelegate.swift */; };
		C836F97C29D073BA0079A7E6 /* Assets.xcassets in Resources */ = {isa = PBXBuildFile; fileRef = C836F97B29D073BA0079A7E6 /* Assets.xcassets */; };
		C836F97F29D073BA0079A7E6 /* LaunchScreen.storyboard in Resources */ = {isa = PBXBuildFile; fileRef = C836F97D29D073BA0079A7E6 /* LaunchScreen.storyboard */; };
		C836F9A429D075D00079A7E6 /* SnapKit in Frameworks */ = {isa = PBXBuildFile; productRef = C836F9A329D075D00079A7E6 /* SnapKit */; settings = {ATTRIBUTES = (Required, ); }; };
		C836F9A629D0762F0079A7E6 /* MovieViewController.swift in Sources */ = {isa = PBXBuildFile; fileRef = C836F9A529D0762F0079A7E6 /* MovieViewController.swift */; };
		C836F9AE29D09DF60079A7E6 /* MovieIntent.swift in Sources */ = {isa = PBXBuildFile; fileRef = C836F9AD29D09DF60079A7E6 /* MovieIntent.swift */; };
		C836F9B029D0B5910079A7E6 /* MovieModel.swift in Sources */ = {isa = PBXBuildFile; fileRef = C836F9AF29D0B5910079A7E6 /* MovieModel.swift */; };
		C836F9B229D0DBED0079A7E6 /* MovieCell.swift in Sources */ = {isa = PBXBuildFile; fileRef = C836F9B129D0DBED0079A7E6 /* MovieCell.swift */; };
		C836F9B729D1DD0E0079A7E6 /* MovieState.swift in Sources */ = {isa = PBXBuildFile; fileRef = C836F9B629D1DD0E0079A7E6 /* MovieState.swift */; };
		C836F9C529D1E69D0079A7E6 /* CombineFeedback in Frameworks */ = {isa = PBXBuildFile; productRef = C836F9C429D1E69D0079A7E6 /* CombineFeedback */; };
		C836F9C729D1E69D0079A7E6 /* CombineFeedbackUI in Frameworks */ = {isa = PBXBuildFile; productRef = C836F9C629D1E69D0079A7E6 /* CombineFeedbackUI */; };
		C85B453029DA4A4D00E8E538 /* SelectedMovieViewController.swift in Sources */ = {isa = PBXBuildFile; fileRef = C85B452F29DA4A4D00E8E538 /* SelectedMovieViewController.swift */; };
		C85B453529DA4D1800E8E538 /* SelectedMovieCell.swift in Sources */ = {isa = PBXBuildFile; fileRef = C85B453429DA4D1800E8E538 /* SelectedMovieCell.swift */; };
		C85B453C29DC7F4200E8E538 /* MovieIntentTests.swift in Sources */ = {isa = PBXBuildFile; fileRef = C85B453B29DC7F4200E8E538 /* MovieIntentTests.swift */; };
		C85B454329DC9DD000E8E538 /* MovieViewControllerSpy.swift in Sources */ = {isa = PBXBuildFile; fileRef = C85B454229DC9DD000E8E538 /* MovieViewControllerSpy.swift */; };
		C85B455029DCBADC00E8E538 /* SDWebImage in Frameworks */ = {isa = PBXBuildFile; productRef = C85B454F29DCBADC00E8E538 /* SDWebImage */; };
		C85B458429DCCEEE00E8E538 /* MovieListUITests.swift in Sources */ = {isa = PBXBuildFile; fileRef = C85B458329DCCEEE00E8E538 /* MovieListUITests.swift */; };
		C85B458629DCCF2F00E8E538 /* SDWebImage in Frameworks */ = {isa = PBXBuildFile; productRef = C85B458529DCCF2F00E8E538 /* SDWebImage */; };
		C85B458929DCCFDA00E8E538 /* MovieViewController.swift in Sources */ = {isa = PBXBuildFile; fileRef = C836F9A529D0762F0079A7E6 /* MovieViewController.swift */; };
		C85B458A29DCD01300E8E538 /* MovieState.swift in Sources */ = {isa = PBXBuildFile; fileRef = C836F9B629D1DD0E0079A7E6 /* MovieState.swift */; };
		C85B458B29DCD0BD00E8E538 /* MovieIntent.swift in Sources */ = {isa = PBXBuildFile; fileRef = C836F9AD29D09DF60079A7E6 /* MovieIntent.swift */; };
		C85B458C29DCD0C200E8E538 /* MovieModel.swift in Sources */ = {isa = PBXBuildFile; fileRef = C836F9AF29D0B5910079A7E6 /* MovieModel.swift */; };
		C85B458D29DCD0C700E8E538 /* SelectedMovieViewController.swift in Sources */ = {isa = PBXBuildFile; fileRef = C85B452F29DA4A4D00E8E538 /* SelectedMovieViewController.swift */; };
		C85B458E29DCD0CB00E8E538 /* MovieCell.swift in Sources */ = {isa = PBXBuildFile; fileRef = C836F9B129D0DBED0079A7E6 /* MovieCell.swift */; };
		C85B458F29DCD0CF00E8E538 /* SelectedMovieCell.swift in Sources */ = {isa = PBXBuildFile; fileRef = C85B453429DA4D1800E8E538 /* SelectedMovieCell.swift */; };
		C85B459229DCD10A00E8E538 /* CombineFeedbackUI in Frameworks */ = {isa = PBXBuildFile; productRef = C85B459129DCD10A00E8E538 /* CombineFeedbackUI */; };
		C85B459429DCD12100E8E538 /* SnapKit in Frameworks */ = {isa = PBXBuildFile; productRef = C85B459329DCD12100E8E538 /* SnapKit */; };
		C871B28129E6F65100D80397 /* Assets.xcassets in Resources */ = {isa = PBXBuildFile; fileRef = C836F97B29D073BA0079A7E6 /* Assets.xcassets */; };
		C871B28D29E7231000D80397 /* MovieService.swift in Sources */ = {isa = PBXBuildFile; fileRef = C871B28C29E7231000D80397 /* MovieService.swift */; };
		C871B28F29E807EE00D80397 /* EndpointBuilder.swift in Sources */ = {isa = PBXBuildFile; fileRef = C871B28E29E807EE00D80397 /* EndpointBuilder.swift */; };
		C871B29129E80BA200D80397 /* MovieService.swift in Sources */ = {isa = PBXBuildFile; fileRef = C871B28C29E7231000D80397 /* MovieService.swift */; };
		C871B29629E8182D00D80397 /* EndpointBuilder.swift in Sources */ = {isa = PBXBuildFile; fileRef = C871B28E29E807EE00D80397 /* EndpointBuilder.swift */; };
		C871B2A029E8380F00D80397 /* MovieConstants.swift in Sources */ = {isa = PBXBuildFile; fileRef = C871B29F29E8380F00D80397 /* MovieConstants.swift */; };
		C871B2A429E83BE400D80397 /* iOSSnapshotTestCase in Frameworks */ = {isa = PBXBuildFile; productRef = C871B2A329E83BE400D80397 /* iOSSnapshotTestCase */; };
		C871B2AB29E8466E00D80397 /* MovieConstants.swift in Sources */ = {isa = PBXBuildFile; fileRef = C871B29F29E8380F00D80397 /* MovieConstants.swift */; };
		C871B2B029E85A2700D80397 /* Bundle+getCurrent.swift in Sources */ = {isa = PBXBuildFile; fileRef = C871B2AF29E85A2700D80397 /* Bundle+getCurrent.swift */; };
		C871B2B129E85AFB00D80397 /* Bundle+getCurrent.swift in Sources */ = {isa = PBXBuildFile; fileRef = C871B2AF29E85A2700D80397 /* Bundle+getCurrent.swift */; };
/* End PBXBuildFile section */

/* Begin PBXContainerItemProxy section */
		C836F98629D073BA0079A7E6 /* PBXContainerItemProxy */ = {
			isa = PBXContainerItemProxy;
			containerPortal = C836F96729D073B80079A7E6 /* Project object */;
			proxyType = 1;
			remoteGlobalIDString = C836F96E29D073B80079A7E6;
			remoteInfo = MovieList;
		};
		C85B457E29DCCEBC00E8E538 /* PBXContainerItemProxy */ = {
			isa = PBXContainerItemProxy;
			containerPortal = C836F96729D073B80079A7E6 /* Project object */;
			proxyType = 1;
			remoteGlobalIDString = C836F96E29D073B80079A7E6;
			remoteInfo = MovieList;
		};
/* End PBXContainerItemProxy section */

/* Begin PBXCopyFilesBuildPhase section */
		C871B28A29E7172E00D80397 /* Embed Frameworks */ = {
			isa = PBXCopyFilesBuildPhase;
			buildActionMask = 2147483647;
			dstPath = "";
			dstSubfolderSpec = 10;
			files = (
			);
			name = "Embed Frameworks";
			runOnlyForDeploymentPostprocessing = 0;
		};
/* End PBXCopyFilesBuildPhase section */

/* Begin PBXFileReference section */
		C819539029E486240072298F /* MovieEvent.swift */ = {isa = PBXFileReference; lastKnownFileType = sourcecode.swift; path = MovieEvent.swift; sourceTree = "<group>"; };
		C819539329E487E10072298F /* Movie+codingKeys.swift */ = {isa = PBXFileReference; lastKnownFileType = sourcecode.swift; path = "Movie+codingKeys.swift"; sourceTree = "<group>"; };
		C819539529E489410072298F /* Movie+posterURL.swift */ = {isa = PBXFileReference; lastKnownFileType = sourcecode.swift; path = "Movie+posterURL.swift"; sourceTree = "<group>"; };
		C819539729E48FC30072298F /* UIImage+name.swift */ = {isa = PBXFileReference; lastKnownFileType = sourcecode.swift; path = "UIImage+name.swift"; sourceTree = "<group>"; };
		C836F96F29D073B80079A7E6 /* MovieList.app */ = {isa = PBXFileReference; explicitFileType = wrapper.application; includeInIndex = 0; path = MovieList.app; sourceTree = BUILT_PRODUCTS_DIR; };
		C836F97229D073B80079A7E6 /* AppDelegate.swift */ = {isa = PBXFileReference; lastKnownFileType = sourcecode.swift; path = AppDelegate.swift; sourceTree = "<group>"; };
		C836F97429D073B80079A7E6 /* SceneDelegate.swift */ = {isa = PBXFileReference; lastKnownFileType = sourcecode.swift; path = SceneDelegate.swift; sourceTree = "<group>"; };
		C836F97B29D073BA0079A7E6 /* Assets.xcassets */ = {isa = PBXFileReference; lastKnownFileType = folder.assetcatalog; path = Assets.xcassets; sourceTree = "<group>"; };
		C836F97E29D073BA0079A7E6 /* Base */ = {isa = PBXFileReference; lastKnownFileType = file.storyboard; name = Base; path = Base.lproj/LaunchScreen.storyboard; sourceTree = "<group>"; };
		C836F98029D073BA0079A7E6 /* Info.plist */ = {isa = PBXFileReference; lastKnownFileType = text.plist.xml; path = Info.plist; sourceTree = "<group>"; };
		C836F98529D073BA0079A7E6 /* MovieListTests.xctest */ = {isa = PBXFileReference; explicitFileType = wrapper.cfbundle; includeInIndex = 0; path = MovieListTests.xctest; sourceTree = BUILT_PRODUCTS_DIR; };
		C836F9A529D0762F0079A7E6 /* MovieViewController.swift */ = {isa = PBXFileReference; lastKnownFileType = sourcecode.swift; path = MovieViewController.swift; sourceTree = "<group>"; };
		C836F9AD29D09DF60079A7E6 /* MovieIntent.swift */ = {isa = PBXFileReference; lastKnownFileType = sourcecode.swift; path = MovieIntent.swift; sourceTree = "<group>"; };
		C836F9AF29D0B5910079A7E6 /* MovieModel.swift */ = {isa = PBXFileReference; lastKnownFileType = sourcecode.swift; path = MovieModel.swift; sourceTree = "<group>"; };
		C836F9B129D0DBED0079A7E6 /* MovieCell.swift */ = {isa = PBXFileReference; lastKnownFileType = sourcecode.swift; path = MovieCell.swift; sourceTree = "<group>"; };
		C836F9B629D1DD0E0079A7E6 /* MovieState.swift */ = {isa = PBXFileReference; lastKnownFileType = sourcecode.swift; path = MovieState.swift; sourceTree = "<group>"; };
		C85B452F29DA4A4D00E8E538 /* SelectedMovieViewController.swift */ = {isa = PBXFileReference; lastKnownFileType = sourcecode.swift; path = SelectedMovieViewController.swift; sourceTree = "<group>"; };
		C85B453429DA4D1800E8E538 /* SelectedMovieCell.swift */ = {isa = PBXFileReference; lastKnownFileType = sourcecode.swift; path = SelectedMovieCell.swift; sourceTree = "<group>"; };
		C85B453B29DC7F4200E8E538 /* MovieIntentTests.swift */ = {isa = PBXFileReference; lastKnownFileType = sourcecode.swift; path = MovieIntentTests.swift; sourceTree = "<group>"; };
		C85B454229DC9DD000E8E538 /* MovieViewControllerSpy.swift */ = {isa = PBXFileReference; lastKnownFileType = sourcecode.swift; path = MovieViewControllerSpy.swift; sourceTree = "<group>"; };
		C85B455A29DCBE7E00E8E538 /* XCTest.framework */ = {isa = PBXFileReference; lastKnownFileType = wrapper.framework; name = XCTest.framework; path = Platforms/iPhoneOS.platform/Developer/Library/Frameworks/XCTest.framework; sourceTree = DEVELOPER_DIR; };
		C85B457829DCCEBC00E8E538 /* MovieListUITests.xctest */ = {isa = PBXFileReference; explicitFileType = wrapper.cfbundle; includeInIndex = 0; path = MovieListUITests.xctest; sourceTree = BUILT_PRODUCTS_DIR; };
		C85B458329DCCEEE00E8E538 /* MovieListUITests.swift */ = {isa = PBXFileReference; lastKnownFileType = sourcecode.swift; path = MovieListUITests.swift; sourceTree = "<group>"; };
		C871B28C29E7231000D80397 /* MovieService.swift */ = {isa = PBXFileReference; lastKnownFileType = sourcecode.swift; path = MovieService.swift; sourceTree = "<group>"; };
		C871B28E29E807EE00D80397 /* EndpointBuilder.swift */ = {isa = PBXFileReference; lastKnownFileType = sourcecode.swift; path = EndpointBuilder.swift; sourceTree = "<group>"; };
		C871B29F29E8380F00D80397 /* MovieConstants.swift */ = {isa = PBXFileReference; lastKnownFileType = sourcecode.swift; path = MovieConstants.swift; sourceTree = "<group>"; };
		C871B2AF29E85A2700D80397 /* Bundle+getCurrent.swift */ = {isa = PBXFileReference; lastKnownFileType = sourcecode.swift; path = "Bundle+getCurrent.swift"; sourceTree = "<group>"; };
/* End PBXFileReference section */

/* Begin PBXFrameworksBuildPhase section */
		C836F96C29D073B80079A7E6 /* Frameworks */ = {
			isa = PBXFrameworksBuildPhase;
			buildActionMask = 2147483647;
			files = (
				C836F9C729D1E69D0079A7E6 /* CombineFeedbackUI in Frameworks */,
				C836F9C529D1E69D0079A7E6 /* CombineFeedback in Frameworks */,
				C836F9A429D075D00079A7E6 /* SnapKit in Frameworks */,
				C85B455029DCBADC00E8E538 /* SDWebImage in Frameworks */,
			);
			runOnlyForDeploymentPostprocessing = 0;
		};
		C836F98229D073BA0079A7E6 /* Frameworks */ = {
			isa = PBXFrameworksBuildPhase;
			buildActionMask = 2147483647;
			files = (
			);
			runOnlyForDeploymentPostprocessing = 0;
		};
		C85B457529DCCEBC00E8E538 /* Frameworks */ = {
			isa = PBXFrameworksBuildPhase;
			buildActionMask = 2147483647;
			files = (
				C85B458629DCCF2F00E8E538 /* SDWebImage in Frameworks */,
				C85B459429DCD12100E8E538 /* SnapKit in Frameworks */,
				C871B2A429E83BE400D80397 /* iOSSnapshotTestCase in Frameworks */,
				C85B459229DCD10A00E8E538 /* CombineFeedbackUI in Frameworks */,
			);
			runOnlyForDeploymentPostprocessing = 0;
		};
/* End PBXFrameworksBuildPhase section */

/* Begin PBXGroup section */
		C819539229E487C80072298F /* Extensions */ = {
			isa = PBXGroup;
			children = (
				C819539329E487E10072298F /* Movie+codingKeys.swift */,
				C819539529E489410072298F /* Movie+posterURL.swift */,
				C819539729E48FC30072298F /* UIImage+name.swift */,
				C871B2AF29E85A2700D80397 /* Bundle+getCurrent.swift */,
			);
			path = Extensions;
			sourceTree = "<group>";
		};
		C836F96629D073B80079A7E6 = {
			isa = PBXGroup;
			children = (
				C836F97129D073B80079A7E6 /* MovieList */,
				C836F98829D073BA0079A7E6 /* MovieListTests */,
				C85B457929DCCEBC00E8E538 /* MovieListUITests */,
				C836F97029D073B80079A7E6 /* Products */,
				C85B455329DCBBE000E8E538 /* Frameworks */,
			);
			sourceTree = "<group>";
		};
		C836F97029D073B80079A7E6 /* Products */ = {
			isa = PBXGroup;
			children = (
				C836F96F29D073B80079A7E6 /* MovieList.app */,
				C836F98529D073BA0079A7E6 /* MovieListTests.xctest */,
				C85B457829DCCEBC00E8E538 /* MovieListUITests.xctest */,
			);
			name = Products;
			sourceTree = "<group>";
		};
		C836F97129D073B80079A7E6 /* MovieList */ = {
			isa = PBXGroup;
			children = (
				C836F9A929D077A20079A7E6 /* Resources */,
				C836F9A729D0777A0079A7E6 /* Core */,
				C836F9A829D077880079A7E6 /* Modules */,
				C85B453629DB436700E8E538 /* Cells */,
				C871B29029E8086900D80397 /* NetworkService */,
				C819539229E487C80072298F /* Extensions */,
				C871B2A129E8381B00D80397 /* Enums */,
			);
			path = MovieList;
			sourceTree = "<group>";
		};
		C836F98829D073BA0079A7E6 /* MovieListTests */ = {
			isa = PBXGroup;
			children = (
				C85B453B29DC7F4200E8E538 /* MovieIntentTests.swift */,
				C85B454129DC873100E8E538 /* Spies */,
			);
			path = MovieListTests;
			sourceTree = "<group>";
		};
		C836F9A729D0777A0079A7E6 /* Core */ = {
			isa = PBXGroup;
			children = (
				C836F97229D073B80079A7E6 /* AppDelegate.swift */,
				C836F97429D073B80079A7E6 /* SceneDelegate.swift */,
			);
			path = Core;
			sourceTree = "<group>";
		};
		C836F9A829D077880079A7E6 /* Modules */ = {
			isa = PBXGroup;
			children = (
				C836F9AA29D099310079A7E6 /* MovieList */,
				C85B453129DA4A6100E8E538 /* SelectedMovie */,
			);
			path = Modules;
			sourceTree = "<group>";
		};
		C836F9A929D077A20079A7E6 /* Resources */ = {
			isa = PBXGroup;
			children = (
				C836F98029D073BA0079A7E6 /* Info.plist */,
				C836F97B29D073BA0079A7E6 /* Assets.xcassets */,
				C836F97D29D073BA0079A7E6 /* LaunchScreen.storyboard */,
			);
			path = Resources;
			sourceTree = "<group>";
		};
		C836F9AA29D099310079A7E6 /* MovieList */ = {
			isa = PBXGroup;
			children = (
				C836F9A529D0762F0079A7E6 /* MovieViewController.swift */,
				C836F9AD29D09DF60079A7E6 /* MovieIntent.swift */,
				C836F9AF29D0B5910079A7E6 /* MovieModel.swift */,
				C819539029E486240072298F /* MovieEvent.swift */,
				C836F9B629D1DD0E0079A7E6 /* MovieState.swift */,
				C871B28C29E7231000D80397 /* MovieService.swift */,
			);
			path = MovieList;
			sourceTree = "<group>";
		};
		C85B453129DA4A6100E8E538 /* SelectedMovie */ = {
			isa = PBXGroup;
			children = (
				C85B452F29DA4A4D00E8E538 /* SelectedMovieViewController.swift */,
			);
			path = SelectedMovie;
			sourceTree = "<group>";
		};
		C85B453629DB436700E8E538 /* Cells */ = {
			isa = PBXGroup;
			children = (
				C85B453429DA4D1800E8E538 /* SelectedMovieCell.swift */,
				C836F9B129D0DBED0079A7E6 /* MovieCell.swift */,
			);
			path = Cells;
			sourceTree = "<group>";
		};
		C85B454129DC873100E8E538 /* Spies */ = {
			isa = PBXGroup;
			children = (
				C85B454229DC9DD000E8E538 /* MovieViewControllerSpy.swift */,
			);
			path = Spies;
			sourceTree = "<group>";
		};
		C85B455329DCBBE000E8E538 /* Frameworks */ = {
			isa = PBXGroup;
			children = (
				C85B455A29DCBE7E00E8E538 /* XCTest.framework */,
			);
			name = Frameworks;
			sourceTree = "<group>";
		};
		C85B457929DCCEBC00E8E538 /* MovieListUITests */ = {
			isa = PBXGroup;
			children = (
				C85B458329DCCEEE00E8E538 /* MovieListUITests.swift */,
			);
			path = MovieListUITests;
			sourceTree = "<group>";
		};
		C871B29029E8086900D80397 /* NetworkService */ = {
			isa = PBXGroup;
			children = (
				C871B28E29E807EE00D80397 /* EndpointBuilder.swift */,
			);
			path = NetworkService;
			sourceTree = "<group>";
		};
		C871B2A129E8381B00D80397 /* Enums */ = {
			isa = PBXGroup;
			children = (
				C871B29F29E8380F00D80397 /* MovieConstants.swift */,
			);
			path = Enums;
			sourceTree = "<group>";
		};
/* End PBXGroup section */

/* Begin PBXNativeTarget section */
		C836F96E29D073B80079A7E6 /* MovieList */ = {
			isa = PBXNativeTarget;
			buildConfigurationList = C836F99929D073BA0079A7E6 /* Build configuration list for PBXNativeTarget "MovieList" */;
			buildPhases = (
				C836F96B29D073B80079A7E6 /* Sources */,
				C836F96C29D073B80079A7E6 /* Frameworks */,
				C836F96D29D073B80079A7E6 /* Resources */,
			);
			buildRules = (
			);
			dependencies = (
			);
			name = MovieList;
			packageProductDependencies = (
				C836F9A329D075D00079A7E6 /* SnapKit */,
				C836F9C429D1E69D0079A7E6 /* CombineFeedback */,
				C836F9C629D1E69D0079A7E6 /* CombineFeedbackUI */,
				C85B454F29DCBADC00E8E538 /* SDWebImage */,
			);
			productName = MovieList;
			productReference = C836F96F29D073B80079A7E6 /* MovieList.app */;
			productType = "com.apple.product-type.application";
		};
		C836F98429D073BA0079A7E6 /* MovieListTests */ = {
			isa = PBXNativeTarget;
			buildConfigurationList = C836F99C29D073BA0079A7E6 /* Build configuration list for PBXNativeTarget "MovieListTests" */;
			buildPhases = (
				C836F98129D073BA0079A7E6 /* Sources */,
				C836F98229D073BA0079A7E6 /* Frameworks */,
				C836F98329D073BA0079A7E6 /* Resources */,
			);
			buildRules = (
			);
			dependencies = (
				C836F98729D073BA0079A7E6 /* PBXTargetDependency */,
			);
			name = MovieListTests;
			productName = MovieListTests;
			productReference = C836F98529D073BA0079A7E6 /* MovieListTests.xctest */;
			productType = "com.apple.product-type.bundle.unit-test";
		};
		C85B457729DCCEBC00E8E538 /* MovieListUITests */ = {
			isa = PBXNativeTarget;
			buildConfigurationList = C85B458029DCCEBC00E8E538 /* Build configuration list for PBXNativeTarget "MovieListUITests" */;
			buildPhases = (
				C85B457429DCCEBC00E8E538 /* Sources */,
				C85B457529DCCEBC00E8E538 /* Frameworks */,
				C85B457629DCCEBC00E8E538 /* Resources */,
				C871B28A29E7172E00D80397 /* Embed Frameworks */,
			);
			buildRules = (
			);
			dependencies = (
				C85B457F29DCCEBC00E8E538 /* PBXTargetDependency */,
			);
			name = MovieListUITests;
			packageProductDependencies = (
				C85B458529DCCF2F00E8E538 /* SDWebImage */,
				C85B459129DCD10A00E8E538 /* CombineFeedbackUI */,
				C85B459329DCD12100E8E538 /* SnapKit */,
				C871B2A329E83BE400D80397 /* iOSSnapshotTestCase */,
			);
			productName = MovieListUITests;
			productReference = C85B457829DCCEBC00E8E538 /* MovieListUITests.xctest */;
			productType = "com.apple.product-type.bundle.ui-testing";
		};
/* End PBXNativeTarget section */

/* Begin PBXProject section */
		C836F96729D073B80079A7E6 /* Project object */ = {
			isa = PBXProject;
			attributes = {
				BuildIndependentTargetsInParallel = 1;
				LastSwiftUpdateCheck = 1340;
				LastUpgradeCheck = 1340;
				TargetAttributes = {
					C836F96E29D073B80079A7E6 = {
						CreatedOnToolsVersion = 13.4.1;
					};
					C836F98429D073BA0079A7E6 = {
						CreatedOnToolsVersion = 13.4.1;
						TestTargetID = C836F96E29D073B80079A7E6;
					};
					C85B457729DCCEBC00E8E538 = {
						CreatedOnToolsVersion = 13.4.1;
						LastSwiftMigration = 1340;
						TestTargetID = C836F96E29D073B80079A7E6;
					};
				};
			};
			buildConfigurationList = C836F96A29D073B80079A7E6 /* Build configuration list for PBXProject "MovieList" */;
			compatibilityVersion = "Xcode 13.0";
			developmentRegion = en;
			hasScannedForEncodings = 0;
			knownRegions = (
				en,
				Base,
			);
			mainGroup = C836F96629D073B80079A7E6;
			packageReferences = (
				C836F9A229D075D00079A7E6 /* XCRemoteSwiftPackageReference "SnapKit" */,
				C836F9C329D1E69D0079A7E6 /* XCRemoteSwiftPackageReference "CombineFeedback" */,
				C85B454E29DCBADC00E8E538 /* XCRemoteSwiftPackageReference "SDWebImage" */,
				C871B2A229E83BE400D80397 /* XCRemoteSwiftPackageReference "ios-snapshot-test-case" */,
			);
			productRefGroup = C836F97029D073B80079A7E6 /* Products */;
			projectDirPath = "";
			projectRoot = "";
			targets = (
				C836F96E29D073B80079A7E6 /* MovieList */,
				C836F98429D073BA0079A7E6 /* MovieListTests */,
				C85B457729DCCEBC00E8E538 /* MovieListUITests */,
			);
		};
/* End PBXProject section */

/* Begin PBXResourcesBuildPhase section */
		C836F96D29D073B80079A7E6 /* Resources */ = {
			isa = PBXResourcesBuildPhase;
			buildActionMask = 2147483647;
			files = (
				C836F97F29D073BA0079A7E6 /* LaunchScreen.storyboard in Resources */,
				C836F97C29D073BA0079A7E6 /* Assets.xcassets in Resources */,
			);
			runOnlyForDeploymentPostprocessing = 0;
		};
		C836F98329D073BA0079A7E6 /* Resources */ = {
			isa = PBXResourcesBuildPhase;
			buildActionMask = 2147483647;
			files = (
			);
			runOnlyForDeploymentPostprocessing = 0;
		};
		C85B457629DCCEBC00E8E538 /* Resources */ = {
			isa = PBXResourcesBuildPhase;
			buildActionMask = 2147483647;
			files = (
				C871B28129E6F65100D80397 /* Assets.xcassets in Resources */,
			);
			runOnlyForDeploymentPostprocessing = 0;
		};
/* End PBXResourcesBuildPhase section */

/* Begin PBXSourcesBuildPhase section */
		C836F96B29D073B80079A7E6 /* Sources */ = {
			isa = PBXSourcesBuildPhase;
			buildActionMask = 2147483647;
			files = (
				C836F9AE29D09DF60079A7E6 /* MovieIntent.swift in Sources */,
				C871B2B029E85A2700D80397 /* Bundle+getCurrent.swift in Sources */,
				C836F9B229D0DBED0079A7E6 /* MovieCell.swift in Sources */,
				C819539629E489410072298F /* Movie+posterURL.swift in Sources */,
				C836F9B029D0B5910079A7E6 /* MovieModel.swift in Sources */,
				C819539129E486240072298F /* MovieEvent.swift in Sources */,
				C819539829E48FC30072298F /* UIImage+name.swift in Sources */,
				C836F97329D073B80079A7E6 /* AppDelegate.swift in Sources */,
				C85B453529DA4D1800E8E538 /* SelectedMovieCell.swift in Sources */,
				C871B28D29E7231000D80397 /* MovieService.swift in Sources */,
				C871B28F29E807EE00D80397 /* EndpointBuilder.swift in Sources */,
				C85B453029DA4A4D00E8E538 /* SelectedMovieViewController.swift in Sources */,
				C819539429E487E10072298F /* Movie+codingKeys.swift in Sources */,
				C836F9B729D1DD0E0079A7E6 /* MovieState.swift in Sources */,
				C836F97529D073B80079A7E6 /* SceneDelegate.swift in Sources */,
				C871B2A029E8380F00D80397 /* MovieConstants.swift in Sources */,
				C836F9A629D0762F0079A7E6 /* MovieViewController.swift in Sources */,
			);
			runOnlyForDeploymentPostprocessing = 0;
		};
		C836F98129D073BA0079A7E6 /* Sources */ = {
			isa = PBXSourcesBuildPhase;
			buildActionMask = 2147483647;
			files = (
				C85B453C29DC7F4200E8E538 /* MovieIntentTests.swift in Sources */,
				C85B454329DC9DD000E8E538 /* MovieViewControllerSpy.swift in Sources */,
			);
			runOnlyForDeploymentPostprocessing = 0;
		};
		C85B457429DCCEBC00E8E538 /* Sources */ = {
			isa = PBXSourcesBuildPhase;
			buildActionMask = 2147483647;
			files = (
				C871B2B129E85AFB00D80397 /* Bundle+getCurrent.swift in Sources */,
				C871B29629E8182D00D80397 /* EndpointBuilder.swift in Sources */,
				C819539E29E4ADD30072298F /* SceneDelegate.swift in Sources */,
				C819539D29E4ADCF0072298F /* AppDelegate.swift in Sources */,
				C819539C29E49C000072298F /* Movie+codingKeys.swift in Sources */,
				C819539B29E49BFB0072298F /* UIImage+name.swift in Sources */,
				C819539A29E49BF50072298F /* Movie+posterURL.swift in Sources */,
				C819539929E49BEE0072298F /* MovieEvent.swift in Sources */,
				C85B458F29DCD0CF00E8E538 /* SelectedMovieCell.swift in Sources */,
				C85B458E29DCD0CB00E8E538 /* MovieCell.swift in Sources */,
				C871B2AB29E8466E00D80397 /* MovieConstants.swift in Sources */,
				C85B458D29DCD0C700E8E538 /* SelectedMovieViewController.swift in Sources */,
				C871B29129E80BA200D80397 /* MovieService.swift in Sources */,
				C85B458C29DCD0C200E8E538 /* MovieModel.swift in Sources */,
				C85B458B29DCD0BD00E8E538 /* MovieIntent.swift in Sources */,
				C85B458A29DCD01300E8E538 /* MovieState.swift in Sources */,
				C85B458929DCCFDA00E8E538 /* MovieViewController.swift in Sources */,
				C85B458429DCCEEE00E8E538 /* MovieListUITests.swift in Sources */,
			);
			runOnlyForDeploymentPostprocessing = 0;
		};
/* End PBXSourcesBuildPhase section */

/* Begin PBXTargetDependency section */
		C836F98729D073BA0079A7E6 /* PBXTargetDependency */ = {
			isa = PBXTargetDependency;
			target = C836F96E29D073B80079A7E6 /* MovieList */;
			targetProxy = C836F98629D073BA0079A7E6 /* PBXContainerItemProxy */;
		};
		C85B457F29DCCEBC00E8E538 /* PBXTargetDependency */ = {
			isa = PBXTargetDependency;
			target = C836F96E29D073B80079A7E6 /* MovieList */;
			targetProxy = C85B457E29DCCEBC00E8E538 /* PBXContainerItemProxy */;
		};
/* End PBXTargetDependency section */

/* Begin PBXVariantGroup section */
		C836F97D29D073BA0079A7E6 /* LaunchScreen.storyboard */ = {
			isa = PBXVariantGroup;
			children = (
				C836F97E29D073BA0079A7E6 /* Base */,
			);
			name = LaunchScreen.storyboard;
			sourceTree = "<group>";
		};
/* End PBXVariantGroup section */

/* Begin XCBuildConfiguration section */
		C836F99729D073BA0079A7E6 /* Debug */ = {
			isa = XCBuildConfiguration;
			buildSettings = {
				ALWAYS_SEARCH_USER_PATHS = NO;
				CLANG_ANALYZER_NONNULL = YES;
				CLANG_ANALYZER_NUMBER_OBJECT_CONVERSION = YES_AGGRESSIVE;
				CLANG_CXX_LANGUAGE_STANDARD = "gnu++17";
				CLANG_ENABLE_MODULES = YES;
				CLANG_ENABLE_OBJC_ARC = YES;
				CLANG_ENABLE_OBJC_WEAK = YES;
				CLANG_WARN_BLOCK_CAPTURE_AUTORELEASING = YES;
				CLANG_WARN_BOOL_CONVERSION = YES;
				CLANG_WARN_COMMA = YES;
				CLANG_WARN_CONSTANT_CONVERSION = YES;
				CLANG_WARN_DEPRECATED_OBJC_IMPLEMENTATIONS = YES;
				CLANG_WARN_DIRECT_OBJC_ISA_USAGE = YES_ERROR;
				CLANG_WARN_DOCUMENTATION_COMMENTS = YES;
				CLANG_WARN_EMPTY_BODY = YES;
				CLANG_WARN_ENUM_CONVERSION = YES;
				CLANG_WARN_INFINITE_RECURSION = YES;
				CLANG_WARN_INT_CONVERSION = YES;
				CLANG_WARN_NON_LITERAL_NULL_CONVERSION = YES;
				CLANG_WARN_OBJC_IMPLICIT_RETAIN_SELF = YES;
				CLANG_WARN_OBJC_LITERAL_CONVERSION = YES;
				CLANG_WARN_OBJC_ROOT_CLASS = YES_ERROR;
				CLANG_WARN_QUOTED_INCLUDE_IN_FRAMEWORK_HEADER = YES;
				CLANG_WARN_RANGE_LOOP_ANALYSIS = YES;
				CLANG_WARN_STRICT_PROTOTYPES = YES;
				CLANG_WARN_SUSPICIOUS_MOVE = YES;
				CLANG_WARN_UNGUARDED_AVAILABILITY = YES_AGGRESSIVE;
				CLANG_WARN_UNREACHABLE_CODE = YES;
				CLANG_WARN__DUPLICATE_METHOD_MATCH = YES;
				COPY_PHASE_STRIP = NO;
				DEBUG_INFORMATION_FORMAT = dwarf;
				ENABLE_STRICT_OBJC_MSGSEND = YES;
				ENABLE_TESTABILITY = YES;
				GCC_C_LANGUAGE_STANDARD = gnu11;
				GCC_DYNAMIC_NO_PIC = NO;
				GCC_NO_COMMON_BLOCKS = YES;
				GCC_OPTIMIZATION_LEVEL = 0;
				GCC_PREPROCESSOR_DEFINITIONS = (
					"DEBUG=1",
					"$(inherited)",
				);
				GCC_WARN_64_TO_32_BIT_CONVERSION = YES;
				GCC_WARN_ABOUT_RETURN_TYPE = YES_ERROR;
				GCC_WARN_UNDECLARED_SELECTOR = YES;
				GCC_WARN_UNINITIALIZED_AUTOS = YES_AGGRESSIVE;
				GCC_WARN_UNUSED_FUNCTION = YES;
				GCC_WARN_UNUSED_VARIABLE = YES;
				IPHONEOS_DEPLOYMENT_TARGET = 14.0;
				MTL_ENABLE_DEBUG_INFO = INCLUDE_SOURCE;
				MTL_FAST_MATH = YES;
				ONLY_ACTIVE_ARCH = YES;
				SDKROOT = iphoneos;
				SWIFT_ACTIVE_COMPILATION_CONDITIONS = DEBUG;
				SWIFT_OPTIMIZATION_LEVEL = "-Onone";
			};
			name = Debug;
		};
		C836F99829D073BA0079A7E6 /* Release */ = {
			isa = XCBuildConfiguration;
			buildSettings = {
				ALWAYS_SEARCH_USER_PATHS = NO;
				CLANG_ANALYZER_NONNULL = YES;
				CLANG_ANALYZER_NUMBER_OBJECT_CONVERSION = YES_AGGRESSIVE;
				CLANG_CXX_LANGUAGE_STANDARD = "gnu++17";
				CLANG_ENABLE_MODULES = YES;
				CLANG_ENABLE_OBJC_ARC = YES;
				CLANG_ENABLE_OBJC_WEAK = YES;
				CLANG_WARN_BLOCK_CAPTURE_AUTORELEASING = YES;
				CLANG_WARN_BOOL_CONVERSION = YES;
				CLANG_WARN_COMMA = YES;
				CLANG_WARN_CONSTANT_CONVERSION = YES;
				CLANG_WARN_DEPRECATED_OBJC_IMPLEMENTATIONS = YES;
				CLANG_WARN_DIRECT_OBJC_ISA_USAGE = YES_ERROR;
				CLANG_WARN_DOCUMENTATION_COMMENTS = YES;
				CLANG_WARN_EMPTY_BODY = YES;
				CLANG_WARN_ENUM_CONVERSION = YES;
				CLANG_WARN_INFINITE_RECURSION = YES;
				CLANG_WARN_INT_CONVERSION = YES;
				CLANG_WARN_NON_LITERAL_NULL_CONVERSION = YES;
				CLANG_WARN_OBJC_IMPLICIT_RETAIN_SELF = YES;
				CLANG_WARN_OBJC_LITERAL_CONVERSION = YES;
				CLANG_WARN_OBJC_ROOT_CLASS = YES_ERROR;
				CLANG_WARN_QUOTED_INCLUDE_IN_FRAMEWORK_HEADER = YES;
				CLANG_WARN_RANGE_LOOP_ANALYSIS = YES;
				CLANG_WARN_STRICT_PROTOTYPES = YES;
				CLANG_WARN_SUSPICIOUS_MOVE = YES;
				CLANG_WARN_UNGUARDED_AVAILABILITY = YES_AGGRESSIVE;
				CLANG_WARN_UNREACHABLE_CODE = YES;
				CLANG_WARN__DUPLICATE_METHOD_MATCH = YES;
				COPY_PHASE_STRIP = NO;
				DEBUG_INFORMATION_FORMAT = "dwarf-with-dsym";
				ENABLE_NS_ASSERTIONS = NO;
				ENABLE_STRICT_OBJC_MSGSEND = YES;
				ENABLE_TESTABILITY = YES;
				GCC_C_LANGUAGE_STANDARD = gnu11;
				GCC_NO_COMMON_BLOCKS = YES;
				GCC_WARN_64_TO_32_BIT_CONVERSION = YES;
				GCC_WARN_ABOUT_RETURN_TYPE = YES_ERROR;
				GCC_WARN_UNDECLARED_SELECTOR = YES;
				GCC_WARN_UNINITIALIZED_AUTOS = YES_AGGRESSIVE;
				GCC_WARN_UNUSED_FUNCTION = YES;
				GCC_WARN_UNUSED_VARIABLE = YES;
				IPHONEOS_DEPLOYMENT_TARGET = 14.0;
				MTL_ENABLE_DEBUG_INFO = NO;
				MTL_FAST_MATH = YES;
				ONLY_ACTIVE_ARCH = YES;
				SDKROOT = iphoneos;
				SWIFT_COMPILATION_MODE = wholemodule;
				SWIFT_OPTIMIZATION_LEVEL = "-O";
				VALIDATE_PRODUCT = YES;
			};
			name = Release;
		};
		C836F99A29D073BA0079A7E6 /* Debug */ = {
			isa = XCBuildConfiguration;
			buildSettings = {
				ASSETCATALOG_COMPILER_APPICON_NAME = AppIcon;
				ASSETCATALOG_COMPILER_GLOBAL_ACCENT_COLOR_NAME = AccentColor;
				CODE_SIGN_STYLE = Automatic;
				CURRENT_PROJECT_VERSION = 1;
				DEVELOPMENT_TEAM = ZNKN5NDVAY;
				GENERATE_INFOPLIST_FILE = YES;
				INFOPLIST_FILE = MovieList/Resources/Info.plist;
				INFOPLIST_KEY_UIApplicationSupportsIndirectInputEvents = YES;
				INFOPLIST_KEY_UILaunchStoryboardName = LaunchScreen;
				INFOPLIST_KEY_UISupportedInterfaceOrientations_iPad = "UIInterfaceOrientationPortrait UIInterfaceOrientationPortraitUpsideDown UIInterfaceOrientationLandscapeLeft UIInterfaceOrientationLandscapeRight";
				INFOPLIST_KEY_UISupportedInterfaceOrientations_iPhone = "UIInterfaceOrientationPortrait UIInterfaceOrientationLandscapeLeft UIInterfaceOrientationLandscapeRight";
				LD_RUNPATH_SEARCH_PATHS = (
					"$(inherited)",
					"@executable_path/Frameworks",
				);
				MARKETING_VERSION = 1.0;
				PRODUCT_BUNDLE_IDENTIFIER = gervika.MovieList;
				PRODUCT_NAME = "$(TARGET_NAME)";
				SWIFT_EMIT_LOC_STRINGS = YES;
				SWIFT_VERSION = 5.0;
				TARGETED_DEVICE_FAMILY = "1,2";
			};
			name = Debug;
		};
		C836F99B29D073BA0079A7E6 /* Release */ = {
			isa = XCBuildConfiguration;
			buildSettings = {
				ASSETCATALOG_COMPILER_APPICON_NAME = AppIcon;
				ASSETCATALOG_COMPILER_GLOBAL_ACCENT_COLOR_NAME = AccentColor;
				CODE_SIGN_STYLE = Automatic;
				CURRENT_PROJECT_VERSION = 1;
				DEVELOPMENT_TEAM = ZNKN5NDVAY;
				GENERATE_INFOPLIST_FILE = YES;
				INFOPLIST_FILE = MovieList/Resources/Info.plist;
				INFOPLIST_KEY_UIApplicationSupportsIndirectInputEvents = YES;
				INFOPLIST_KEY_UILaunchStoryboardName = LaunchScreen;
				INFOPLIST_KEY_UISupportedInterfaceOrientations_iPad = "UIInterfaceOrientationPortrait UIInterfaceOrientationPortraitUpsideDown UIInterfaceOrientationLandscapeLeft UIInterfaceOrientationLandscapeRight";
				INFOPLIST_KEY_UISupportedInterfaceOrientations_iPhone = "UIInterfaceOrientationPortrait UIInterfaceOrientationLandscapeLeft UIInterfaceOrientationLandscapeRight";
				LD_RUNPATH_SEARCH_PATHS = (
					"$(inherited)",
					"@executable_path/Frameworks",
				);
				MARKETING_VERSION = 1.0;
				PRODUCT_BUNDLE_IDENTIFIER = gervika.MovieList;
				PRODUCT_NAME = "$(TARGET_NAME)";
				SWIFT_EMIT_LOC_STRINGS = YES;
				SWIFT_VERSION = 5.0;
				TARGETED_DEVICE_FAMILY = "1,2";
			};
			name = Release;
		};
		C836F99D29D073BA0079A7E6 /* Debug */ = {
			isa = XCBuildConfiguration;
			buildSettings = {
				ALWAYS_EMBED_SWIFT_STANDARD_LIBRARIES = YES;
				BUNDLE_LOADER = "$(TEST_HOST)";
				CODE_SIGN_STYLE = Automatic;
				CURRENT_PROJECT_VERSION = 1;
				DEVELOPMENT_TEAM = ZNKN5NDVAY;
				GENERATE_INFOPLIST_FILE = YES;
				IPHONEOS_DEPLOYMENT_TARGET = 15.5;
				MARKETING_VERSION = 1.0;
				PRODUCT_BUNDLE_IDENTIFIER = gervika.MovieListTests;
				PRODUCT_NAME = "$(TARGET_NAME)";
				SWIFT_EMIT_LOC_STRINGS = NO;
				SWIFT_VERSION = 5.0;
				TARGETED_DEVICE_FAMILY = "1,2";
				TEST_HOST = "$(BUILT_PRODUCTS_DIR)/MovieList.app/MovieList";
			};
			name = Debug;
		};
		C836F99E29D073BA0079A7E6 /* Release */ = {
			isa = XCBuildConfiguration;
			buildSettings = {
				ALWAYS_EMBED_SWIFT_STANDARD_LIBRARIES = YES;
				BUNDLE_LOADER = "$(TEST_HOST)";
				CODE_SIGN_STYLE = Automatic;
				CURRENT_PROJECT_VERSION = 1;
				DEVELOPMENT_TEAM = ZNKN5NDVAY;
				GENERATE_INFOPLIST_FILE = YES;
				IPHONEOS_DEPLOYMENT_TARGET = 15.5;
				MARKETING_VERSION = 1.0;
				PRODUCT_BUNDLE_IDENTIFIER = gervika.MovieListTests;
				PRODUCT_NAME = "$(TARGET_NAME)";
				SWIFT_EMIT_LOC_STRINGS = NO;
				SWIFT_VERSION = 5.0;
				TARGETED_DEVICE_FAMILY = "1,2";
				TEST_HOST = "$(BUILT_PRODUCTS_DIR)/MovieList.app/MovieList";
			};
			name = Release;
		};
		C85B458129DCCEBC00E8E538 /* Debug */ = {
			isa = XCBuildConfiguration;
			buildSettings = {
				CLANG_ENABLE_MODULES = YES;
				CODE_SIGN_STYLE = Automatic;
				CURRENT_PROJECT_VERSION = 1;
				DEVELOPMENT_TEAM = ZNKN5NDVAY;
				GENERATE_INFOPLIST_FILE = YES;
				INFOPLIST_FILE = MovieList/Resources/Info.plist;
				IPHONEOS_DEPLOYMENT_TARGET = 15.5;
				LD_RUNPATH_SEARCH_PATHS = (
					"$(inherited)",
					"@executable_path/Frameworks",
					"@loader_path/Frameworks",
				);
				MARKETING_VERSION = 1.0;
				PRODUCT_BUNDLE_IDENTIFIER = gervika.MovieListUITests;
				PRODUCT_NAME = "$(TARGET_NAME)";
				SWIFT_EMIT_LOC_STRINGS = NO;
				SWIFT_OPTIMIZATION_LEVEL = "-Onone";
				SWIFT_VERSION = 5.0;
				TARGETED_DEVICE_FAMILY = "1,2";
				TEST_TARGET_NAME = MovieList;
			};
			name = Debug;
		};
		C85B458229DCCEBC00E8E538 /* Release */ = {
			isa = XCBuildConfiguration;
			buildSettings = {
				CLANG_ENABLE_MODULES = YES;
				CODE_SIGN_STYLE = Automatic;
				CURRENT_PROJECT_VERSION = 1;
				DEVELOPMENT_TEAM = ZNKN5NDVAY;
				GENERATE_INFOPLIST_FILE = YES;
				INFOPLIST_FILE = MovieList/Resources/Info.plist;
				IPHONEOS_DEPLOYMENT_TARGET = 15.5;
				LD_RUNPATH_SEARCH_PATHS = (
					"$(inherited)",
					"@executable_path/Frameworks",
					"@loader_path/Frameworks",
				);
				MARKETING_VERSION = 1.0;
				PRODUCT_BUNDLE_IDENTIFIER = gervika.MovieListUITests;
				PRODUCT_NAME = "$(TARGET_NAME)";
				SWIFT_EMIT_LOC_STRINGS = NO;
				SWIFT_VERSION = 5.0;
				TARGETED_DEVICE_FAMILY = "1,2";
				TEST_TARGET_NAME = MovieList;
			};
			name = Release;
		};
/* End XCBuildConfiguration section */

/* Begin XCConfigurationList section */
		C836F96A29D073B80079A7E6 /* Build configuration list for PBXProject "MovieList" */ = {
			isa = XCConfigurationList;
			buildConfigurations = (
				C836F99729D073BA0079A7E6 /* Debug */,
				C836F99829D073BA0079A7E6 /* Release */,
			);
			defaultConfigurationIsVisible = 0;
			defaultConfigurationName = Release;
		};
		C836F99929D073BA0079A7E6 /* Build configuration list for PBXNativeTarget "MovieList" */ = {
			isa = XCConfigurationList;
			buildConfigurations = (
				C836F99A29D073BA0079A7E6 /* Debug */,
				C836F99B29D073BA0079A7E6 /* Release */,
			);
			defaultConfigurationIsVisible = 0;
			defaultConfigurationName = Release;
		};
		C836F99C29D073BA0079A7E6 /* Build configuration list for PBXNativeTarget "MovieListTests" */ = {
			isa = XCConfigurationList;
			buildConfigurations = (
				C836F99D29D073BA0079A7E6 /* Debug */,
				C836F99E29D073BA0079A7E6 /* Release */,
			);
			defaultConfigurationIsVisible = 0;
			defaultConfigurationName = Release;
		};
		C85B458029DCCEBC00E8E538 /* Build configuration list for PBXNativeTarget "MovieListUITests" */ = {
			isa = XCConfigurationList;
			buildConfigurations = (
				C85B458129DCCEBC00E8E538 /* Debug */,
				C85B458229DCCEBC00E8E538 /* Release */,
			);
			defaultConfigurationIsVisible = 0;
			defaultConfigurationName = Release;
		};
/* End XCConfigurationList section */

/* Begin XCRemoteSwiftPackageReference section */
		C836F9A229D075D00079A7E6 /* XCRemoteSwiftPackageReference "SnapKit" */ = {
			isa = XCRemoteSwiftPackageReference;
			repositoryURL = "https://github.com/SnapKit/SnapKit.git";
			requirement = {
				kind = upToNextMajorVersion;
				minimumVersion = 5.0.0;
			};
		};
		C836F9C329D1E69D0079A7E6 /* XCRemoteSwiftPackageReference "CombineFeedback" */ = {
			isa = XCRemoteSwiftPackageReference;
			repositoryURL = "https://github.com/sergdort/CombineFeedback.git";
			requirement = {
				kind = upToNextMajorVersion;
				minimumVersion = 0.7.0;
			};
		};
		C85B454E29DCBADC00E8E538 /* XCRemoteSwiftPackageReference "SDWebImage" */ = {
			isa = XCRemoteSwiftPackageReference;
			repositoryURL = "https://github.com/SDWebImage/SDWebImage.git";
			requirement = {
				kind = upToNextMajorVersion;
				minimumVersion = 5.0.0;
			};
		};
		C871B2A229E83BE400D80397 /* XCRemoteSwiftPackageReference "ios-snapshot-test-case" */ = {
			isa = XCRemoteSwiftPackageReference;
			repositoryURL = "https://github.com/uber/ios-snapshot-test-case.git";
			requirement = {
				kind = upToNextMajorVersion;
				minimumVersion = 8.0.0;
			};
		};
/* End XCRemoteSwiftPackageReference section */

/* Begin XCSwiftPackageProductDependency section */
		C836F9A329D075D00079A7E6 /* SnapKit */ = {
			isa = XCSwiftPackageProductDependency;
			package = C836F9A229D075D00079A7E6 /* XCRemoteSwiftPackageReference "SnapKit" */;
			productName = SnapKit;
		};
		C836F9C429D1E69D0079A7E6 /* CombineFeedback */ = {
			isa = XCSwiftPackageProductDependency;
			package = C836F9C329D1E69D0079A7E6 /* XCRemoteSwiftPackageReference "CombineFeedback" */;
			productName = CombineFeedback;
		};
		C836F9C629D1E69D0079A7E6 /* CombineFeedbackUI */ = {
			isa = XCSwiftPackageProductDependency;
			package = C836F9C329D1E69D0079A7E6 /* XCRemoteSwiftPackageReference "CombineFeedback" */;
			productName = CombineFeedbackUI;
		};
		C85B454F29DCBADC00E8E538 /* SDWebImage */ = {
			isa = XCSwiftPackageProductDependency;
			package = C85B454E29DCBADC00E8E538 /* XCRemoteSwiftPackageReference "SDWebImage" */;
			productName = SDWebImage;
		};
		C85B458529DCCF2F00E8E538 /* SDWebImage */ = {
			isa = XCSwiftPackageProductDependency;
			package = C85B454E29DCBADC00E8E538 /* XCRemoteSwiftPackageReference "SDWebImage" */;
			productName = SDWebImage;
		};
		C85B459129DCD10A00E8E538 /* CombineFeedbackUI */ = {
			isa = XCSwiftPackageProductDependency;
			package = C836F9C329D1E69D0079A7E6 /* XCRemoteSwiftPackageReference "CombineFeedback" */;
			productName = CombineFeedbackUI;
		};
		C85B459329DCD12100E8E538 /* SnapKit */ = {
			isa = XCSwiftPackageProductDependency;
			package = C836F9A229D075D00079A7E6 /* XCRemoteSwiftPackageReference "SnapKit" */;
			productName = SnapKit;
		};
		C871B2A329E83BE400D80397 /* iOSSnapshotTestCase */ = {
			isa = XCSwiftPackageProductDependency;
			package = C871B2A229E83BE400D80397 /* XCRemoteSwiftPackageReference "ios-snapshot-test-case" */;
			productName = iOSSnapshotTestCase;
		};
/* End XCSwiftPackageProductDependency section */
	};
	rootObject = C836F96729D073B80079A7E6 /* Project object */;
}
